# THIS IS AN AUTOGENERATED FILE. DO NOT EDIT THIS FILE DIRECTLY.
# yarn lockfile v1


generate-maze@^1.1.0:
  version "1.1.0"
  resolved "https://registry.yarnpkg.com/generate-maze/-/generate-maze-1.1.0.tgz#5554af828df2236d88fd312436aeb39cf13d7811"
  integrity sha512-QMZ2PB/1EzKkZK9zLA33brVIU5rdN/+fUQok2Z1yaCEoVBd7L7nCF2q2b+o4wlYrqW4xDjTzRIsKfjzwXJXmMA==
